
Microsoft Visual Studio Solution File, Format Version 12.00
# Visual Studio 15
VisualStudioVersion = 15.0.28307.438
MinimumVisualStudioVersion = 10.0.40219.1
Project("{FAE04EC0-301F-11D3-BF4B-00C04F79EFBC}") = "ApiDemo", "ApiDemo\ApiDemo.csproj", "{3652A15D-9BAE-401C-B946-B49C2B88C606}"
EndProject
Global
	GlobalSection(SolutionConfigurationPlatforms) = preSolution
		Debug|Any CPU = Debug|Any CPU
		Release|Any CPU = Release|Any CPU
	EndGlobalSection
	GlobalSection(ProjectConfigurationPlatforms) = postSolution
		{3652A15D-9BAE-401C-B946-B49C2B88C606}.Debug|Any CPU.ActiveCfg = Debug|Any CPU
		{3652A15D-9BAE-401C-B946-B49C2B88C606}.Debug|Any CPU.Build.0 = Debug|Any CPU
		{3652A15D-9BAE-401C-B946-B49C2B88C606}.Release|Any CPU.ActiveCfg = Release|Any CPU
		{3652A15D-9BAE-401C-B946-B49C2B88C606}.Release|Any CPU.Build.0 = Release|Any CPU
	EndGlobalSection
	GlobalSection(SolutionProperties) = preSolution
		HideSolutionNode = FALSE
	EndGlobalSection
	GlobalSection(ExtensibilityGlobals) = postSolution
		SolutionGuid = {A5DCF9DA-F8C4-4FAC-A0B8-DF3EA7CEFDC7}
	EndGlobalSection
EndGlobal
